// !$*UTF8*$!
{
	archiveVersion = 1;
	classes = {
	};
	objectVersion = 50;
	objects = {

/* Begin PBXBuildFile section */
		2531A923DB6E448568A87885 /* Pods_MostPopularMoviesTests.framework in Frameworks */ = {isa = PBXBuildFile; fileRef = DF408B6F84510C7B78674171 /* Pods_MostPopularMoviesTests.framework */; };
		4EF71EF4D7E5780D85A03452 /* Pods_MostPopularMoviesUITests.framework in Frameworks */ = {isa = PBXBuildFile; fileRef = 30918D7B82F0932BDF9DA34F /* Pods_MostPopularMoviesUITests.framework */; };
		730FDC9921266CE50006D89D /* Configuration.swift in Sources */ = {isa = PBXBuildFile; fileRef = 730FDC9821266CE50006D89D /* Configuration.swift */; };
		730FDC9B21266D6E0006D89D /* ImagesRepository.swift in Sources */ = {isa = PBXBuildFile; fileRef = 730FDC9A21266D6E0006D89D /* ImagesRepository.swift */; };
		730FDC9D21266DD70006D89D /* ImageService.swift in Sources */ = {isa = PBXBuildFile; fileRef = 730FDC9C21266DD70006D89D /* ImageService.swift */; };
		730FDC9F21266FEC0006D89D /* ContentService.swift in Sources */ = {isa = PBXBuildFile; fileRef = 730FDC9E21266FEC0006D89D /* ContentService.swift */; };
		73639169212097F800E2EFAB /* AppDelegate.swift in Sources */ = {isa = PBXBuildFile; fileRef = 73639168212097F800E2EFAB /* AppDelegate.swift */; };
		7363916E212097F800E2EFAB /* Main.storyboard in Resources */ = {isa = PBXBuildFile; fileRef = 7363916C212097F800E2EFAB /* Main.storyboard */; };
		73639170212097F900E2EFAB /* Assets.xcassets in Resources */ = {isa = PBXBuildFile; fileRef = 7363916F212097F900E2EFAB /* Assets.xcassets */; };
		73639173212097F900E2EFAB /* LaunchScreen.storyboard in Resources */ = {isa = PBXBuildFile; fileRef = 73639171212097F900E2EFAB /* LaunchScreen.storyboard */; };
		73639189212097F900E2EFAB /* MostPopularMoviesUITests.swift in Sources */ = {isa = PBXBuildFile; fileRef = 73639188212097F900E2EFAB /* MostPopularMoviesUITests.swift */; };
		73662C0E2120AD3F0046A63C /* MovieListViewController.swift in Sources */ = {isa = PBXBuildFile; fileRef = 73662C0D2120AD3F0046A63C /* MovieListViewController.swift */; };
		73662C102120B0960046A63C /* MovieListPresenter.swift in Sources */ = {isa = PBXBuildFile; fileRef = 73662C0F2120B0960046A63C /* MovieListPresenter.swift */; };
		73662C1521211A0F0046A63C /* MovieDetailsViewController.swift in Sources */ = {isa = PBXBuildFile; fileRef = 73662C1421211A0F0046A63C /* MovieDetailsViewController.swift */; };
		73662C1721211DAE0046A63C /* MovieDetailsPresenter.swift in Sources */ = {isa = PBXBuildFile; fileRef = 73662C1621211DAE0046A63C /* MovieDetailsPresenter.swift */; };
		73662C1921211E000046A63C /* MovieDetailsViewData.swift in Sources */ = {isa = PBXBuildFile; fileRef = 73662C1821211E000046A63C /* MovieDetailsViewData.swift */; };
		73C913D8212F71560012CFF3 /* ContentServiceTests.swift in Sources */ = {isa = PBXBuildFile; fileRef = 73C913D7212F71560012CFF3 /* ContentServiceTests.swift */; };
		73C913DD212F71670012CFF3 /* configuration.json in Resources */ = {isa = PBXBuildFile; fileRef = 73C913D9212F71670012CFF3 /* configuration.json */; };
		73C913DE212F71670012CFF3 /* movie_popular_page_1.json in Resources */ = {isa = PBXBuildFile; fileRef = 73C913DA212F71670012CFF3 /* movie_popular_page_1.json */; };
		73C913DF212F71670012CFF3 /* genre_movie_list.json in Resources */ = {isa = PBXBuildFile; fileRef = 73C913DB212F71670012CFF3 /* genre_movie_list.json */; };
		73C913E0212F71670012CFF3 /* movie_popular_page_2.json in Resources */ = {isa = PBXBuildFile; fileRef = 73C913DC212F71670012CFF3 /* movie_popular_page_2.json */; };
		73C913E3212F86B50012CFF3 /* search_movie_no_query.json in Resources */ = {isa = PBXBuildFile; fileRef = 73C913E1212F86B40012CFF3 /* search_movie_no_query.json */; };
		73C913E4212F86B50012CFF3 /* search_movie_query_test_page_1.json in Resources */ = {isa = PBXBuildFile; fileRef = 73C913E2212F86B50012CFF3 /* search_movie_query_test_page_1.json */; };
		73C913E6212F88E50012CFF3 /* search_movie_query_test_page_2.json in Resources */ = {isa = PBXBuildFile; fileRef = 73C913E5212F88E50012CFF3 /* search_movie_query_test_page_2.json */; };
		73C913E8212FA3A00012CFF3 /* movie_299536.json in Resources */ = {isa = PBXBuildFile; fileRef = 73C913E7212FA3A00012CFF3 /* movie_299536.json */; };
		73C913EA212FAD070012CFF3 /* ImageServiceTests.swift in Sources */ = {isa = PBXBuildFile; fileRef = 73C913E9212FAD070012CFF3 /* ImageServiceTests.swift */; };
		73FADBFA2122993D00570F32 /* Movie.swift in Sources */ = {isa = PBXBuildFile; fileRef = 73FADBF82122993D00570F32 /* Movie.swift */; };
		73FADBFB2122993D00570F32 /* Genre.swift in Sources */ = {isa = PBXBuildFile; fileRef = 73FADBF92122993D00570F32 /* Genre.swift */; };
		73FADBFF2122995C00570F32 /* MoviesRepository.swift in Sources */ = {isa = PBXBuildFile; fileRef = 73FADBFE2122995C00570F32 /* MoviesRepository.swift */; };
		73FADC05212299F900570F32 /* ServiceConstants.swift in Sources */ = {isa = PBXBuildFile; fileRef = 73FADC02212299F900570F32 /* ServiceConstants.swift */; };
		73FADC092123277B00570F32 /* MovieCell.swift in Sources */ = {isa = PBXBuildFile; fileRef = 73FADC082123277B00570F32 /* MovieCell.swift */; };
		73FDC662212BDA7A00E943A9 /* UIColorExtension.swift in Sources */ = {isa = PBXBuildFile; fileRef = 73FDC661212BDA7A00E943A9 /* UIColorExtension.swift */; };
		F47713F6BF912094BDCDFAF8 /* Pods_MostPopularMovies.framework in Frameworks */ = {isa = PBXBuildFile; fileRef = 95F8A869BCE589599F6E9221 /* Pods_MostPopularMovies.framework */; };
/* End PBXBuildFile section */

/* Begin PBXContainerItemProxy section */
		7363917A212097F900E2EFAB /* PBXContainerItemProxy */ = {
			isa = PBXContainerItemProxy;
			containerPortal = 7363915D212097F800E2EFAB /* Project object */;
			proxyType = 1;
			remoteGlobalIDString = 73639164212097F800E2EFAB;
			remoteInfo = MostPopularMovies;
		};
		73639185212097F900E2EFAB /* PBXContainerItemProxy */ = {
			isa = PBXContainerItemProxy;
			containerPortal = 7363915D212097F800E2EFAB /* Project object */;
			proxyType = 1;
			remoteGlobalIDString = 73639164212097F800E2EFAB;
			remoteInfo = MostPopularMovies;
		};
/* End PBXContainerItemProxy section */

/* Begin PBXFileReference section */
		0D6F0B9F8F01CA06A74666D2 /* Pods-MostPopularMoviesTests.release.xcconfig */ = {isa = PBXFileReference; includeInIndex = 1; lastKnownFileType = text.xcconfig; name = "Pods-MostPopularMoviesTests.release.xcconfig"; path = "Pods/Target Support Files/Pods-MostPopularMoviesTests/Pods-MostPopularMoviesTests.release.xcconfig"; sourceTree = "<group>"; };
		2E4685483FB618A7DE1D6025 /* Pods-MostPopularMovies.release.xcconfig */ = {isa = PBXFileReference; includeInIndex = 1; lastKnownFileType = text.xcconfig; name = "Pods-MostPopularMovies.release.xcconfig"; path = "Pods/Target Support Files/Pods-MostPopularMovies/Pods-MostPopularMovies.release.xcconfig"; sourceTree = "<group>"; };
		30918D7B82F0932BDF9DA34F /* Pods_MostPopularMoviesUITests.framework */ = {isa = PBXFileReference; explicitFileType = wrapper.framework; includeInIndex = 0; path = Pods_MostPopularMoviesUITests.framework; sourceTree = BUILT_PRODUCTS_DIR; };
		730FDC9821266CE50006D89D /* Configuration.swift */ = {isa = PBXFileReference; lastKnownFileType = sourcecode.swift; path = Configuration.swift; sourceTree = "<group>"; };
		730FDC9A21266D6E0006D89D /* ImagesRepository.swift */ = {isa = PBXFileReference; lastKnownFileType = sourcecode.swift; path = ImagesRepository.swift; sourceTree = "<group>"; };
		730FDC9C21266DD70006D89D /* ImageService.swift */ = {isa = PBXFileReference; lastKnownFileType = sourcecode.swift; path = ImageService.swift; sourceTree = "<group>"; };
		730FDC9E21266FEC0006D89D /* ContentService.swift */ = {isa = PBXFileReference; lastKnownFileType = sourcecode.swift; path = ContentService.swift; sourceTree = "<group>"; };
		73639165212097F800E2EFAB /* MostPopularMovies.app */ = {isa = PBXFileReference; explicitFileType = wrapper.application; includeInIndex = 0; path = MostPopularMovies.app; sourceTree = BUILT_PRODUCTS_DIR; };
		73639168212097F800E2EFAB /* AppDelegate.swift */ = {isa = PBXFileReference; lastKnownFileType = sourcecode.swift; path = AppDelegate.swift; sourceTree = "<group>"; };
		7363916D212097F800E2EFAB /* Base */ = {isa = PBXFileReference; lastKnownFileType = file.storyboard; name = Base; path = Base.lproj/Main.storyboard; sourceTree = "<group>"; };
		7363916F212097F900E2EFAB /* Assets.xcassets */ = {isa = PBXFileReference; lastKnownFileType = folder.assetcatalog; path = Assets.xcassets; sourceTree = "<group>"; };
		73639172212097F900E2EFAB /* Base */ = {isa = PBXFileReference; lastKnownFileType = file.storyboard; name = Base; path = Base.lproj/LaunchScreen.storyboard; sourceTree = "<group>"; };
		73639174212097F900E2EFAB /* Info.plist */ = {isa = PBXFileReference; lastKnownFileType = text.plist.xml; path = Info.plist; sourceTree = "<group>"; };
		73639179212097F900E2EFAB /* MostPopularMoviesTests.xctest */ = {isa = PBXFileReference; explicitFileType = wrapper.cfbundle; includeInIndex = 0; path = MostPopularMoviesTests.xctest; sourceTree = BUILT_PRODUCTS_DIR; };
		7363917F212097F900E2EFAB /* Info.plist */ = {isa = PBXFileReference; lastKnownFileType = text.plist.xml; path = Info.plist; sourceTree = "<group>"; };
		73639184212097F900E2EFAB /* MostPopularMoviesUITests.xctest */ = {isa = PBXFileReference; explicitFileType = wrapper.cfbundle; includeInIndex = 0; path = MostPopularMoviesUITests.xctest; sourceTree = BUILT_PRODUCTS_DIR; };
		73639188212097F900E2EFAB /* MostPopularMoviesUITests.swift */ = {isa = PBXFileReference; lastKnownFileType = sourcecode.swift; path = MostPopularMoviesUITests.swift; sourceTree = "<group>"; };
		7363918A212097F900E2EFAB /* Info.plist */ = {isa = PBXFileReference; lastKnownFileType = text.plist.xml; path = Info.plist; sourceTree = "<group>"; };
		73662C0D2120AD3F0046A63C /* MovieListViewController.swift */ = {isa = PBXFileReference; lastKnownFileType = sourcecode.swift; path = MovieListViewController.swift; sourceTree = "<group>"; };
		73662C0F2120B0960046A63C /* MovieListPresenter.swift */ = {isa = PBXFileReference; lastKnownFileType = sourcecode.swift; path = MovieListPresenter.swift; sourceTree = "<group>"; };
		73662C1421211A0F0046A63C /* MovieDetailsViewController.swift */ = {isa = PBXFileReference; lastKnownFileType = sourcecode.swift; path = MovieDetailsViewController.swift; sourceTree = "<group>"; };
		73662C1621211DAE0046A63C /* MovieDetailsPresenter.swift */ = {isa = PBXFileReference; lastKnownFileType = sourcecode.swift; path = MovieDetailsPresenter.swift; sourceTree = "<group>"; };
		73662C1821211E000046A63C /* MovieDetailsViewData.swift */ = {isa = PBXFileReference; lastKnownFileType = sourcecode.swift; path = MovieDetailsViewData.swift; sourceTree = "<group>"; };
		73C913D7212F71560012CFF3 /* ContentServiceTests.swift */ = {isa = PBXFileReference; lastKnownFileType = sourcecode.swift; path = ContentServiceTests.swift; sourceTree = "<group>"; };
		73C913D9212F71670012CFF3 /* configuration.json */ = {isa = PBXFileReference; fileEncoding = 4; lastKnownFileType = text.json; path = configuration.json; sourceTree = "<group>"; };
		73C913DA212F71670012CFF3 /* movie_popular_page_1.json */ = {isa = PBXFileReference; fileEncoding = 4; lastKnownFileType = text.json; path = movie_popular_page_1.json; sourceTree = "<group>"; };
		73C913DB212F71670012CFF3 /* genre_movie_list.json */ = {isa = PBXFileReference; fileEncoding = 4; lastKnownFileType = text.json; path = genre_movie_list.json; sourceTree = "<group>"; };
		73C913DC212F71670012CFF3 /* movie_popular_page_2.json */ = {isa = PBXFileReference; fileEncoding = 4; lastKnownFileType = text.json; path = movie_popular_page_2.json; sourceTree = "<group>"; };
		73C913E1212F86B40012CFF3 /* search_movie_no_query.json */ = {isa = PBXFileReference; fileEncoding = 4; lastKnownFileType = text.json; path = search_movie_no_query.json; sourceTree = "<group>"; };
		73C913E2212F86B50012CFF3 /* search_movie_query_test_page_1.json */ = {isa = PBXFileReference; fileEncoding = 4; lastKnownFileType = text.json; path = search_movie_query_test_page_1.json; sourceTree = "<group>"; };
		73C913E5212F88E50012CFF3 /* search_movie_query_test_page_2.json */ = {isa = PBXFileReference; fileEncoding = 4; lastKnownFileType = text.json; path = search_movie_query_test_page_2.json; sourceTree = "<group>"; };
		73C913E7212FA3A00012CFF3 /* movie_299536.json */ = {isa = PBXFileReference; fileEncoding = 4; lastKnownFileType = text.json; path = movie_299536.json; sourceTree = "<group>"; };
		73C913E9212FAD070012CFF3 /* ImageServiceTests.swift */ = {isa = PBXFileReference; fileEncoding = 4; lastKnownFileType = sourcecode.swift; path = ImageServiceTests.swift; sourceTree = "<group>"; };
		73FADBF82122993D00570F32 /* Movie.swift */ = {isa = PBXFileReference; fileEncoding = 4; lastKnownFileType = sourcecode.swift; path = Movie.swift; sourceTree = "<group>"; };
		73FADBF92122993D00570F32 /* Genre.swift */ = {isa = PBXFileReference; fileEncoding = 4; lastKnownFileType = sourcecode.swift; path = Genre.swift; sourceTree = "<group>"; };
		73FADBFE2122995C00570F32 /* MoviesRepository.swift */ = {isa = PBXFileReference; fileEncoding = 4; lastKnownFileType = sourcecode.swift; path = MoviesRepository.swift; sourceTree = "<group>"; };
		73FADC02212299F900570F32 /* ServiceConstants.swift */ = {isa = PBXFileReference; fileEncoding = 4; lastKnownFileType = sourcecode.swift; path = ServiceConstants.swift; sourceTree = "<group>"; };
		73FADC082123277B00570F32 /* MovieCell.swift */ = {isa = PBXFileReference; lastKnownFileType = sourcecode.swift; path = MovieCell.swift; sourceTree = "<group>"; };
		73FDC661212BDA7A00E943A9 /* UIColorExtension.swift */ = {isa = PBXFileReference; lastKnownFileType = sourcecode.swift; path = UIColorExtension.swift; sourceTree = "<group>"; };
		79DEFFC20DE646499D3D9704 /* Pods-MostPopularMoviesTests.debug.xcconfig */ = {isa = PBXFileReference; includeInIndex = 1; lastKnownFileType = text.xcconfig; name = "Pods-MostPopularMoviesTests.debug.xcconfig"; path = "Pods/Target Support Files/Pods-MostPopularMoviesTests/Pods-MostPopularMoviesTests.debug.xcconfig"; sourceTree = "<group>"; };
		7EEE8ED96228515FAAC3181C /* Pods-MostPopularMoviesUITests.release.xcconfig */ = {isa = PBXFileReference; includeInIndex = 1; lastKnownFileType = text.xcconfig; name = "Pods-MostPopularMoviesUITests.release.xcconfig"; path = "Pods/Target Support Files/Pods-MostPopularMoviesUITests/Pods-MostPopularMoviesUITests.release.xcconfig"; sourceTree = "<group>"; };
		86DC08FF1960E0BFC3A47491 /* Pods-MostPopularMovies.debug.xcconfig */ = {isa = PBXFileReference; includeInIndex = 1; lastKnownFileType = text.xcconfig; name = "Pods-MostPopularMovies.debug.xcconfig"; path = "Pods/Target Support Files/Pods-MostPopularMovies/Pods-MostPopularMovies.debug.xcconfig"; sourceTree = "<group>"; };
		95F8A869BCE589599F6E9221 /* Pods_MostPopularMovies.framework */ = {isa = PBXFileReference; explicitFileType = wrapper.framework; includeInIndex = 0; path = Pods_MostPopularMovies.framework; sourceTree = BUILT_PRODUCTS_DIR; };
		DF408B6F84510C7B78674171 /* Pods_MostPopularMoviesTests.framework */ = {isa = PBXFileReference; explicitFileType = wrapper.framework; includeInIndex = 0; path = Pods_MostPopularMoviesTests.framework; sourceTree = BUILT_PRODUCTS_DIR; };
		F4360676E88F3C74BD581B63 /* Pods-MostPopularMoviesUITests.debug.xcconfig */ = {isa = PBXFileReference; includeInIndex = 1; lastKnownFileType = text.xcconfig; name = "Pods-MostPopularMoviesUITests.debug.xcconfig"; path = "Pods/Target Support Files/Pods-MostPopularMoviesUITests/Pods-MostPopularMoviesUITests.debug.xcconfig"; sourceTree = "<group>"; };
/* End PBXFileReference section */

/* Begin PBXFrameworksBuildPhase section */
		73639162212097F800E2EFAB /* Frameworks */ = {
			isa = PBXFrameworksBuildPhase;
			buildActionMask = 2147483647;
			files = (
				F47713F6BF912094BDCDFAF8 /* Pods_MostPopularMovies.framework in Frameworks */,
			);
			runOnlyForDeploymentPostprocessing = 0;
		};
		73639176212097F900E2EFAB /* Frameworks */ = {
			isa = PBXFrameworksBuildPhase;
			buildActionMask = 2147483647;
			files = (
				2531A923DB6E448568A87885 /* Pods_MostPopularMoviesTests.framework in Frameworks */,
			);
			runOnlyForDeploymentPostprocessing = 0;
		};
		73639181212097F900E2EFAB /* Frameworks */ = {
			isa = PBXFrameworksBuildPhase;
			buildActionMask = 2147483647;
			files = (
				4EF71EF4D7E5780D85A03452 /* Pods_MostPopularMoviesUITests.framework in Frameworks */,
			);
			runOnlyForDeploymentPostprocessing = 0;
		};
/* End PBXFrameworksBuildPhase section */

/* Begin PBXGroup section */
		64C0D013C2C7F9FD9E39A4FA /* Pods */ = {
			isa = PBXGroup;
			children = (
				86DC08FF1960E0BFC3A47491 /* Pods-MostPopularMovies.debug.xcconfig */,
				2E4685483FB618A7DE1D6025 /* Pods-MostPopularMovies.release.xcconfig */,
				79DEFFC20DE646499D3D9704 /* Pods-MostPopularMoviesTests.debug.xcconfig */,
				0D6F0B9F8F01CA06A74666D2 /* Pods-MostPopularMoviesTests.release.xcconfig */,
				F4360676E88F3C74BD581B63 /* Pods-MostPopularMoviesUITests.debug.xcconfig */,
				7EEE8ED96228515FAAC3181C /* Pods-MostPopularMoviesUITests.release.xcconfig */,
			);
			name = Pods;
			sourceTree = "<group>";
		};
		661B14DB6AEED66EB8A589C9 /* Frameworks */ = {
			isa = PBXGroup;
			children = (
				95F8A869BCE589599F6E9221 /* Pods_MostPopularMovies.framework */,
				DF408B6F84510C7B78674171 /* Pods_MostPopularMoviesTests.framework */,
				30918D7B82F0932BDF9DA34F /* Pods_MostPopularMoviesUITests.framework */,
			);
			name = Frameworks;
			sourceTree = "<group>";
		};
		7363915C212097F800E2EFAB = {
			isa = PBXGroup;
			children = (
				73639167212097F800E2EFAB /* MostPopularMovies */,
				7363917C212097F900E2EFAB /* MostPopularMoviesTests */,
				73639187212097F900E2EFAB /* MostPopularMoviesUITests */,
				73639166212097F800E2EFAB /* Products */,
				64C0D013C2C7F9FD9E39A4FA /* Pods */,
				661B14DB6AEED66EB8A589C9 /* Frameworks */,
			);
			sourceTree = "<group>";
		};
		73639166212097F800E2EFAB /* Products */ = {
			isa = PBXGroup;
			children = (
				73639165212097F800E2EFAB /* MostPopularMovies.app */,
				73639179212097F900E2EFAB /* MostPopularMoviesTests.xctest */,
				73639184212097F900E2EFAB /* MostPopularMoviesUITests.xctest */,
			);
			name = Products;
			sourceTree = "<group>";
		};
		73639167212097F800E2EFAB /* MostPopularMovies */ = {
			isa = PBXGroup;
			children = (
				73FADC01212299E600570F32 /* Services */,
				73FADC002122996100570F32 /* Repository */,
				73FADBF72122992800570F32 /* Model */,
				73662C0C2120AC6E0046A63C /* Movies List */,
				73662C13212119F70046A63C /* Movie Details */,
				73639168212097F800E2EFAB /* AppDelegate.swift */,
				73FDC661212BDA7A00E943A9 /* UIColorExtension.swift */,
				7363916C212097F800E2EFAB /* Main.storyboard */,
				7363916F212097F900E2EFAB /* Assets.xcassets */,
				73639171212097F900E2EFAB /* LaunchScreen.storyboard */,
				73639174212097F900E2EFAB /* Info.plist */,
			);
			path = MostPopularMovies;
			sourceTree = "<group>";
		};
		7363917C212097F900E2EFAB /* MostPopularMoviesTests */ = {
			isa = PBXGroup;
			children = (
				73C913D6212F436D0012CFF3 /* Services */,
				73C913D5212F43560012CFF3 /* Mocks */,
				7363917F212097F900E2EFAB /* Info.plist */,
			);
			path = MostPopularMoviesTests;
			sourceTree = "<group>";
		};
		73639187212097F900E2EFAB /* MostPopularMoviesUITests */ = {
			isa = PBXGroup;
			children = (
				73639188212097F900E2EFAB /* MostPopularMoviesUITests.swift */,
				7363918A212097F900E2EFAB /* Info.plist */,
			);
			path = MostPopularMoviesUITests;
			sourceTree = "<group>";
		};
		73662C0C2120AC6E0046A63C /* Movies List */ = {
			isa = PBXGroup;
			children = (
				73FADC082123277B00570F32 /* MovieCell.swift */,
				73662C0F2120B0960046A63C /* MovieListPresenter.swift */,
				73662C0D2120AD3F0046A63C /* MovieListViewController.swift */,
			);
			path = "Movies List";
			sourceTree = "<group>";
		};
		73662C13212119F70046A63C /* Movie Details */ = {
			isa = PBXGroup;
			children = (
				73662C1621211DAE0046A63C /* MovieDetailsPresenter.swift */,
				73662C1421211A0F0046A63C /* MovieDetailsViewController.swift */,
				73662C1821211E000046A63C /* MovieDetailsViewData.swift */,
			);
			path = "Movie Details";
			sourceTree = "<group>";
		};
		73C913D5212F43560012CFF3 /* Mocks */ = {
			isa = PBXGroup;
			children = (
				73C913D9212F71670012CFF3 /* configuration.json */,
				73C913DB212F71670012CFF3 /* genre_movie_list.json */,
				73C913E7212FA3A00012CFF3 /* movie_299536.json */,
				73C913DA212F71670012CFF3 /* movie_popular_page_1.json */,
				73C913DC212F71670012CFF3 /* movie_popular_page_2.json */,
				73C913E1212F86B40012CFF3 /* search_movie_no_query.json */,
				73C913E2212F86B50012CFF3 /* search_movie_query_test_page_1.json */,
				73C913E5212F88E50012CFF3 /* search_movie_query_test_page_2.json */,
			);
			path = Mocks;
			sourceTree = "<group>";
		};
		73C913D6212F436D0012CFF3 /* Services */ = {
			isa = PBXGroup;
			children = (
				73C913D7212F71560012CFF3 /* ContentServiceTests.swift */,
				73C913E9212FAD070012CFF3 /* ImageServiceTests.swift */,
			);
			path = Services;
			sourceTree = "<group>";
		};
		73FADBF72122992800570F32 /* Model */ = {
			isa = PBXGroup;
			children = (
				730FDC9821266CE50006D89D /* Configuration.swift */,
				73FADBF92122993D00570F32 /* Genre.swift */,
				73FADBF82122993D00570F32 /* Movie.swift */,
			);
			path = Model;
			sourceTree = "<group>";
		};
		73FADC002122996100570F32 /* Repository */ = {
			isa = PBXGroup;
			children = (
				730FDC9A21266D6E0006D89D /* ImagesRepository.swift */,
				73FADBFE2122995C00570F32 /* MoviesRepository.swift */,
			);
			path = Repository;
			sourceTree = "<group>";
		};
		73FADC01212299E600570F32 /* Services */ = {
			isa = PBXGroup;
			children = (
				730FDC9E21266FEC0006D89D /* ContentService.swift */,
				730FDC9C21266DD70006D89D /* ImageService.swift */,
				73FADC02212299F900570F32 /* ServiceConstants.swift */,
			);
			path = Services;
			sourceTree = "<group>";
		};
/* End PBXGroup section */

/* Begin PBXNativeTarget section */
		73639164212097F800E2EFAB /* MostPopularMovies */ = {
			isa = PBXNativeTarget;
			buildConfigurationList = 7363918D212097F900E2EFAB /* Build configuration list for PBXNativeTarget "MostPopularMovies" */;
			buildPhases = (
				817A647F304589C16860401E /* [CP] Check Pods Manifest.lock */,
				73639161212097F800E2EFAB /* Sources */,
				7363EF07212EAA0400F56F3C /* ShellScript */,
				73639162212097F800E2EFAB /* Frameworks */,
				73639163212097F800E2EFAB /* Resources */,
				461D574A464FF5059AFE7BDA /* [CP] Embed Pods Frameworks */,
			);
			buildRules = (
			);
			dependencies = (
			);
			name = MostPopularMovies;
			productName = MostPopularMovies;
			productReference = 73639165212097F800E2EFAB /* MostPopularMovies.app */;
			productType = "com.apple.product-type.application";
		};
		73639178212097F900E2EFAB /* MostPopularMoviesTests */ = {
			isa = PBXNativeTarget;
			buildConfigurationList = 73639190212097F900E2EFAB /* Build configuration list for PBXNativeTarget "MostPopularMoviesTests" */;
			buildPhases = (
				33A86910362BF3D0A6107DCA /* [CP] Check Pods Manifest.lock */,
				73639175212097F900E2EFAB /* Sources */,
				73639176212097F900E2EFAB /* Frameworks */,
				73639177212097F900E2EFAB /* Resources */,
				4F0C6B42D96F0331540DF130 /* [CP] Embed Pods Frameworks */,
			);
			buildRules = (
			);
			dependencies = (
				7363917B212097F900E2EFAB /* PBXTargetDependency */,
			);
			name = MostPopularMoviesTests;
			productName = MostPopularMoviesTests;
			productReference = 73639179212097F900E2EFAB /* MostPopularMoviesTests.xctest */;
			productType = "com.apple.product-type.bundle.unit-test";
		};
		73639183212097F900E2EFAB /* MostPopularMoviesUITests */ = {
			isa = PBXNativeTarget;
			buildConfigurationList = 73639193212097F900E2EFAB /* Build configuration list for PBXNativeTarget "MostPopularMoviesUITests" */;
			buildPhases = (
				BF493A42B41E9780E207BCDE /* [CP] Check Pods Manifest.lock */,
				73639180212097F900E2EFAB /* Sources */,
				73639181212097F900E2EFAB /* Frameworks */,
				73639182212097F900E2EFAB /* Resources */,
			);
			buildRules = (
			);
			dependencies = (
				73639186212097F900E2EFAB /* PBXTargetDependency */,
			);
			name = MostPopularMoviesUITests;
			productName = MostPopularMoviesUITests;
			productReference = 73639184212097F900E2EFAB /* MostPopularMoviesUITests.xctest */;
			productType = "com.apple.product-type.bundle.ui-testing";
		};
/* End PBXNativeTarget section */

/* Begin PBXProject section */
		7363915D212097F800E2EFAB /* Project object */ = {
			isa = PBXProject;
			attributes = {
				LastSwiftUpdateCheck = 0940;
				LastUpgradeCheck = 0940;
				ORGANIZATIONNAME = ArcTouch;
				TargetAttributes = {
					73639164212097F800E2EFAB = {
						CreatedOnToolsVersion = 9.4.1;
					};
					73639178212097F900E2EFAB = {
						CreatedOnToolsVersion = 9.4.1;
						TestTargetID = 73639164212097F800E2EFAB;
					};
					73639183212097F900E2EFAB = {
						CreatedOnToolsVersion = 9.4.1;
						TestTargetID = 73639164212097F800E2EFAB;
					};
				};
			};
			buildConfigurationList = 73639160212097F800E2EFAB /* Build configuration list for PBXProject "MostPopularMovies" */;
			compatibilityVersion = "Xcode 9.3";
			developmentRegion = en;
			hasScannedForEncodings = 0;
			knownRegions = (
				en,
				Base,
			);
			mainGroup = 7363915C212097F800E2EFAB;
			productRefGroup = 73639166212097F800E2EFAB /* Products */;
			projectDirPath = "";
			projectRoot = "";
			targets = (
				73639164212097F800E2EFAB /* MostPopularMovies */,
				73639178212097F900E2EFAB /* MostPopularMoviesTests */,
				73639183212097F900E2EFAB /* MostPopularMoviesUITests */,
			);
		};
/* End PBXProject section */

/* Begin PBXResourcesBuildPhase section */
		73639163212097F800E2EFAB /* Resources */ = {
			isa = PBXResourcesBuildPhase;
			buildActionMask = 2147483647;
			files = (
				73639173212097F900E2EFAB /* LaunchScreen.storyboard in Resources */,
				73639170212097F900E2EFAB /* Assets.xcassets in Resources */,
				7363916E212097F800E2EFAB /* Main.storyboard in Resources */,
			);
			runOnlyForDeploymentPostprocessing = 0;
		};
		73639177212097F900E2EFAB /* Resources */ = {
			isa = PBXResourcesBuildPhase;
			buildActionMask = 2147483647;
			files = (
				73C913E0212F71670012CFF3 /* movie_popular_page_2.json in Resources */,
				73C913E3212F86B50012CFF3 /* search_movie_no_query.json in Resources */,
				73C913E8212FA3A00012CFF3 /* movie_299536.json in Resources */,
				73C913DD212F71670012CFF3 /* configuration.json in Resources */,
				73C913DF212F71670012CFF3 /* genre_movie_list.json in Resources */,
				73C913E6212F88E50012CFF3 /* search_movie_query_test_page_2.json in Resources */,
				73C913E4212F86B50012CFF3 /* search_movie_query_test_page_1.json in Resources */,
				73C913DE212F71670012CFF3 /* movie_popular_page_1.json in Resources */,
			);
			runOnlyForDeploymentPostprocessing = 0;
		};
		73639182212097F900E2EFAB /* Resources */ = {
			isa = PBXResourcesBuildPhase;
			buildActionMask = 2147483647;
			files = (
			);
			runOnlyForDeploymentPostprocessing = 0;
		};
/* End PBXResourcesBuildPhase section */

/* Begin PBXShellScriptBuildPhase section */
		33A86910362BF3D0A6107DCA /* [CP] Check Pods Manifest.lock */ = {
			isa = PBXShellScriptBuildPhase;
			buildActionMask = 2147483647;
			files = (
			);
			inputPaths = (
				"${PODS_PODFILE_DIR_PATH}/Podfile.lock",
				"${PODS_ROOT}/Manifest.lock",
			);
			name = "[CP] Check Pods Manifest.lock";
			outputPaths = (
				"$(DERIVED_FILE_DIR)/Pods-MostPopularMoviesTests-checkManifestLockResult.txt",
			);
			runOnlyForDeploymentPostprocessing = 0;
			shellPath = /bin/sh;
			shellScript = "diff \"${PODS_PODFILE_DIR_PATH}/Podfile.lock\" \"${PODS_ROOT}/Manifest.lock\" > /dev/null\nif [ $? != 0 ] ; then\n    # print error to STDERR\n    echo \"error: The sandbox is not in sync with the Podfile.lock. Run 'pod install' or update your CocoaPods installation.\" >&2\n    exit 1\nfi\n# This output is used by Xcode 'outputs' to avoid re-running this script phase.\necho \"SUCCESS\" > \"${SCRIPT_OUTPUT_FILE_0}\"\n";
			showEnvVarsInLog = 0;
		};
		461D574A464FF5059AFE7BDA /* [CP] Embed Pods Frameworks */ = {
			isa = PBXShellScriptBuildPhase;
			buildActionMask = 2147483647;
			files = (
			);
			inputPaths = (
				"${SRCROOT}/Pods/Target Support Files/Pods-MostPopularMovies/Pods-MostPopularMovies-frameworks.sh",
				"${BUILT_PRODUCTS_DIR}/Alamofire/Alamofire.framework",
			);
			name = "[CP] Embed Pods Frameworks";
			outputPaths = (
				"${TARGET_BUILD_DIR}/${FRAMEWORKS_FOLDER_PATH}/Alamofire.framework",
			);
			runOnlyForDeploymentPostprocessing = 0;
			shellPath = /bin/sh;
			shellScript = "\"${SRCROOT}/Pods/Target Support Files/Pods-MostPopularMovies/Pods-MostPopularMovies-frameworks.sh\"\n";
			showEnvVarsInLog = 0;
		};
		4F0C6B42D96F0331540DF130 /* [CP] Embed Pods Frameworks */ = {
			isa = PBXShellScriptBuildPhase;
			buildActionMask = 2147483647;
			files = (
			);
			inputPaths = (
				"${SRCROOT}/Pods/Target Support Files/Pods-MostPopularMoviesTests/Pods-MostPopularMoviesTests-frameworks.sh",
				"${BUILT_PRODUCTS_DIR}/OHHTTPStubs/OHHTTPStubs.framework",
			);
			name = "[CP] Embed Pods Frameworks";
			outputPaths = (
				"${TARGET_BUILD_DIR}/${FRAMEWORKS_FOLDER_PATH}/OHHTTPStubs.framework",
			);
			runOnlyForDeploymentPostprocessing = 0;
			shellPath = /bin/sh;
			shellScript = "\"${SRCROOT}/Pods/Target Support Files/Pods-MostPopularMoviesTests/Pods-MostPopularMoviesTests-frameworks.sh\"\n";
			showEnvVarsInLog = 0;
		};
		7363EF07212EAA0400F56F3C /* ShellScript */ = {
			isa = PBXShellScriptBuildPhase;
			buildActionMask = 2147483647;
			files = (
			);
			inputPaths = (
			);
			outputPaths = (
			);
			runOnlyForDeploymentPostprocessing = 0;
			shellPath = /bin/sh;
			shellScript = "if which swiftlint >/dev/null; then\nswiftlint\nelse\necho \"warning: SwiftLint not installed, download from https://github.com/realm/SwiftLint\"\nfi";
		};
		817A647F304589C16860401E /* [CP] Check Pods Manifest.lock */ = {
			isa = PBXShellScriptBuildPhase;
			buildActionMask = 2147483647;
			files = (
			);
			inputPaths = (
				"${PODS_PODFILE_DIR_PATH}/Podfile.lock",
				"${PODS_ROOT}/Manifest.lock",
			);
			name = "[CP] Check Pods Manifest.lock";
			outputPaths = (
				"$(DERIVED_FILE_DIR)/Pods-MostPopularMovies-checkManifestLockResult.txt",
			);
			runOnlyForDeploymentPostprocessing = 0;
			shellPath = /bin/sh;
			shellScript = "diff \"${PODS_PODFILE_DIR_PATH}/Podfile.lock\" \"${PODS_ROOT}/Manifest.lock\" > /dev/null\nif [ $? != 0 ] ; then\n    # print error to STDERR\n    echo \"error: The sandbox is not in sync with the Podfile.lock. Run 'pod install' or update your CocoaPods installation.\" >&2\n    exit 1\nfi\n# This output is used by Xcode 'outputs' to avoid re-running this script phase.\necho \"SUCCESS\" > \"${SCRIPT_OUTPUT_FILE_0}\"\n";
			showEnvVarsInLog = 0;
		};
		BF493A42B41E9780E207BCDE /* [CP] Check Pods Manifest.lock */ = {
			isa = PBXShellScriptBuildPhase;
			buildActionMask = 2147483647;
			files = (
			);
			inputPaths = (
				"${PODS_PODFILE_DIR_PATH}/Podfile.lock",
				"${PODS_ROOT}/Manifest.lock",
			);
			name = "[CP] Check Pods Manifest.lock";
			outputPaths = (
				"$(DERIVED_FILE_DIR)/Pods-MostPopularMoviesUITests-checkManifestLockResult.txt",
			);
			runOnlyForDeploymentPostprocessing = 0;
			shellPath = /bin/sh;
			shellScript = "diff \"${PODS_PODFILE_DIR_PATH}/Podfile.lock\" \"${PODS_ROOT}/Manifest.lock\" > /dev/null\nif [ $? != 0 ] ; then\n    # print error to STDERR\n    echo \"error: The sandbox is not in sync with the Podfile.lock. Run 'pod install' or update your CocoaPods installation.\" >&2\n    exit 1\nfi\n# This output is used by Xcode 'outputs' to avoid re-running this script phase.\necho \"SUCCESS\" > \"${SCRIPT_OUTPUT_FILE_0}\"\n";
			showEnvVarsInLog = 0;
		};
/* End PBXShellScriptBuildPhase section */

/* Begin PBXSourcesBuildPhase section */
		73639161212097F800E2EFAB /* Sources */ = {
			isa = PBXSourcesBuildPhase;
			buildActionMask = 2147483647;
			files = (
				730FDC9B21266D6E0006D89D /* ImagesRepository.swift in Sources */,
				730FDC9D21266DD70006D89D /* ImageService.swift in Sources */,
				73FADBFB2122993D00570F32 /* Genre.swift in Sources */,
				73662C1521211A0F0046A63C /* MovieDetailsViewController.swift in Sources */,
				73639169212097F800E2EFAB /* AppDelegate.swift in Sources */,
				73662C1921211E000046A63C /* MovieDetailsViewData.swift in Sources */,
				730FDC9921266CE50006D89D /* Configuration.swift in Sources */,
				730FDC9F21266FEC0006D89D /* ContentService.swift in Sources */,
				73662C1721211DAE0046A63C /* MovieDetailsPresenter.swift in Sources */,
				73662C102120B0960046A63C /* MovieListPresenter.swift in Sources */,
				73FADC05212299F900570F32 /* ServiceConstants.swift in Sources */,
				73FDC662212BDA7A00E943A9 /* UIColorExtension.swift in Sources */,
				73FADBFF2122995C00570F32 /* MoviesRepository.swift in Sources */,
				73662C0E2120AD3F0046A63C /* MovieListViewController.swift in Sources */,
				73FADBFA2122993D00570F32 /* Movie.swift in Sources */,
				73FADC092123277B00570F32 /* MovieCell.swift in Sources */,
			);
			runOnlyForDeploymentPostprocessing = 0;
		};
		73639175212097F900E2EFAB /* Sources */ = {
			isa = PBXSourcesBuildPhase;
			buildActionMask = 2147483647;
			files = (
				73C913D8212F71560012CFF3 /* ContentServiceTests.swift in Sources */,
				73C913EA212FAD070012CFF3 /* ImageServiceTests.swift in Sources */,
			);
			runOnlyForDeploymentPostprocessing = 0;
		};
		73639180212097F900E2EFAB /* Sources */ = {
			isa = PBXSourcesBuildPhase;
			buildActionMask = 2147483647;
			files = (
				73639189212097F900E2EFAB /* MostPopularMoviesUITests.swift in Sources */,
			);
			runOnlyForDeploymentPostprocessing = 0;
		};
/* End PBXSourcesBuildPhase section */

/* Begin PBXTargetDependency section */
		7363917B212097F900E2EFAB /* PBXTargetDependency */ = {
			isa = PBXTargetDependency;
			target = 73639164212097F800E2EFAB /* MostPopularMovies */;
			targetProxy = 7363917A212097F900E2EFAB /* PBXContainerItemProxy */;
		};
		73639186212097F900E2EFAB /* PBXTargetDependency */ = {
			isa = PBXTargetDependency;
			target = 73639164212097F800E2EFAB /* MostPopularMovies */;
			targetProxy = 73639185212097F900E2EFAB /* PBXContainerItemProxy */;
		};
/* End PBXTargetDependency section */

/* Begin PBXVariantGroup section */
		7363916C212097F800E2EFAB /* Main.storyboard */ = {
			isa = PBXVariantGroup;
			children = (
				7363916D212097F800E2EFAB /* Base */,
			);
			name = Main.storyboard;
			sourceTree = "<group>";
		};
		73639171212097F900E2EFAB /* LaunchScreen.storyboard */ = {
			isa = PBXVariantGroup;
			children = (
				73639172212097F900E2EFAB /* Base */,
			);
			name = LaunchScreen.storyboard;
			sourceTree = "<group>";
		};
/* End PBXVariantGroup section */

/* Begin XCBuildConfiguration section */
		7363918B212097F900E2EFAB /* Debug */ = {
			isa = XCBuildConfiguration;
			buildSettings = {
				ALWAYS_SEARCH_USER_PATHS = NO;
				CLANG_ANALYZER_NONNULL = YES;
				CLANG_ANALYZER_NUMBER_OBJECT_CONVERSION = YES_AGGRESSIVE;
				CLANG_CXX_LANGUAGE_STANDARD = "gnu++14";
				CLANG_CXX_LIBRARY = "libc++";
				CLANG_ENABLE_MODULES = YES;
				CLANG_ENABLE_OBJC_ARC = YES;
				CLANG_ENABLE_OBJC_WEAK = YES;
				CLANG_WARN_BLOCK_CAPTURE_AUTORELEASING = YES;
				CLANG_WARN_BOOL_CONVERSION = YES;
				CLANG_WARN_COMMA = YES;
				CLANG_WARN_CONSTANT_CONVERSION = YES;
				CLANG_WARN_DEPRECATED_OBJC_IMPLEMENTATIONS = YES;
				CLANG_WARN_DIRECT_OBJC_ISA_USAGE = YES_ERROR;
				CLANG_WARN_DOCUMENTATION_COMMENTS = YES;
				CLANG_WARN_EMPTY_BODY = YES;
				CLANG_WARN_ENUM_CONVERSION = YES;
				CLANG_WARN_INFINITE_RECURSION = YES;
				CLANG_WARN_INT_CONVERSION = YES;
				CLANG_WARN_NON_LITERAL_NULL_CONVERSION = YES;
				CLANG_WARN_OBJC_IMPLICIT_RETAIN_SELF = YES;
				CLANG_WARN_OBJC_LITERAL_CONVERSION = YES;
				CLANG_WARN_OBJC_ROOT_CLASS = YES_ERROR;
				CLANG_WARN_RANGE_LOOP_ANALYSIS = YES;
				CLANG_WARN_STRICT_PROTOTYPES = YES;
				CLANG_WARN_SUSPICIOUS_MOVE = YES;
				CLANG_WARN_UNGUARDED_AVAILABILITY = YES_AGGRESSIVE;
				CLANG_WARN_UNREACHABLE_CODE = YES;
				CLANG_WARN__DUPLICATE_METHOD_MATCH = YES;
				CODE_SIGN_IDENTITY = "iPhone Developer";
				COPY_PHASE_STRIP = NO;
				DEBUG_INFORMATION_FORMAT = dwarf;
				ENABLE_STRICT_OBJC_MSGSEND = YES;
				ENABLE_TESTABILITY = YES;
				GCC_C_LANGUAGE_STANDARD = gnu11;
				GCC_DYNAMIC_NO_PIC = NO;
				GCC_NO_COMMON_BLOCKS = YES;
				GCC_OPTIMIZATION_LEVEL = 0;
				GCC_PREPROCESSOR_DEFINITIONS = (
					"DEBUG=1",
					"$(inherited)",
				);
				GCC_WARN_64_TO_32_BIT_CONVERSION = YES;
				GCC_WARN_ABOUT_RETURN_TYPE = YES_ERROR;
				GCC_WARN_UNDECLARED_SELECTOR = YES;
				GCC_WARN_UNINITIALIZED_AUTOS = YES_AGGRESSIVE;
				GCC_WARN_UNUSED_FUNCTION = YES;
				GCC_WARN_UNUSED_VARIABLE = YES;
				IPHONEOS_DEPLOYMENT_TARGET = 11.4;
				MTL_ENABLE_DEBUG_INFO = YES;
				ONLY_ACTIVE_ARCH = YES;
				SDKROOT = iphoneos;
				SWIFT_ACTIVE_COMPILATION_CONDITIONS = DEBUG;
				SWIFT_OPTIMIZATION_LEVEL = "-Onone";
			};
			name = Debug;
		};
		7363918C212097F900E2EFAB /* Release */ = {
			isa = XCBuildConfiguration;
			buildSettings = {
				ALWAYS_SEARCH_USER_PATHS = NO;
				CLANG_ANALYZER_NONNULL = YES;
				CLANG_ANALYZER_NUMBER_OBJECT_CONVERSION = YES_AGGRESSIVE;
				CLANG_CXX_LANGUAGE_STANDARD = "gnu++14";
				CLANG_CXX_LIBRARY = "libc++";
				CLANG_ENABLE_MODULES = YES;
				CLANG_ENABLE_OBJC_ARC = YES;
				CLANG_ENABLE_OBJC_WEAK = YES;
				CLANG_WARN_BLOCK_CAPTURE_AUTORELEASING = YES;
				CLANG_WARN_BOOL_CONVERSION = YES;
				CLANG_WARN_COMMA = YES;
				CLANG_WARN_CONSTANT_CONVERSION = YES;
				CLANG_WARN_DEPRECATED_OBJC_IMPLEMENTATIONS = YES;
				CLANG_WARN_DIRECT_OBJC_ISA_USAGE = YES_ERROR;
				CLANG_WARN_DOCUMENTATION_COMMENTS = YES;
				CLANG_WARN_EMPTY_BODY = YES;
				CLANG_WARN_ENUM_CONVERSION = YES;
				CLANG_WARN_INFINITE_RECURSION = YES;
				CLANG_WARN_INT_CONVERSION = YES;
				CLANG_WARN_NON_LITERAL_NULL_CONVERSION = YES;
				CLANG_WARN_OBJC_IMPLICIT_RETAIN_SELF = YES;
				CLANG_WARN_OBJC_LITERAL_CONVERSION = YES;
				CLANG_WARN_OBJC_ROOT_CLASS = YES_ERROR;
				CLANG_WARN_RANGE_LOOP_ANALYSIS = YES;
				CLANG_WARN_STRICT_PROTOTYPES = YES;
				CLANG_WARN_SUSPICIOUS_MOVE = YES;
				CLANG_WARN_UNGUARDED_AVAILABILITY = YES_AGGRESSIVE;
				CLANG_WARN_UNREACHABLE_CODE = YES;
				CLANG_WARN__DUPLICATE_METHOD_MATCH = YES;
				CODE_SIGN_IDENTITY = "iPhone Developer";
				COPY_PHASE_STRIP = NO;
				DEBUG_INFORMATION_FORMAT = "dwarf-with-dsym";
				ENABLE_NS_ASSERTIONS = NO;
				ENABLE_STRICT_OBJC_MSGSEND = YES;
				GCC_C_LANGUAGE_STANDARD = gnu11;
				GCC_NO_COMMON_BLOCKS = YES;
				GCC_WARN_64_TO_32_BIT_CONVERSION = YES;
				GCC_WARN_ABOUT_RETURN_TYPE = YES_ERROR;
				GCC_WARN_UNDECLARED_SELECTOR = YES;
				GCC_WARN_UNINITIALIZED_AUTOS = YES_AGGRESSIVE;
				GCC_WARN_UNUSED_FUNCTION = YES;
				GCC_WARN_UNUSED_VARIABLE = YES;
				IPHONEOS_DEPLOYMENT_TARGET = 11.4;
				MTL_ENABLE_DEBUG_INFO = NO;
				SDKROOT = iphoneos;
				SWIFT_COMPILATION_MODE = wholemodule;
				SWIFT_OPTIMIZATION_LEVEL = "-O";
				VALIDATE_PRODUCT = YES;
			};
			name = Release;
		};
		7363918E212097F900E2EFAB /* Debug */ = {
			isa = XCBuildConfiguration;
			baseConfigurationReference = 86DC08FF1960E0BFC3A47491 /* Pods-MostPopularMovies.debug.xcconfig */;
			buildSettings = {
				ASSETCATALOG_COMPILER_APPICON_NAME = AppIcon;
				CODE_SIGN_STYLE = Automatic;
				INFOPLIST_FILE = MostPopularMovies/Info.plist;
				IPHONEOS_DEPLOYMENT_TARGET = 11.0;
				LD_RUNPATH_SEARCH_PATHS = (
					"$(inherited)",
					"@executable_path/Frameworks",
				);
				PRODUCT_BUNDLE_IDENTIFIER = com.arctouch.MostPopularMovies;
				PRODUCT_NAME = "$(TARGET_NAME)";
				SWIFT_VERSION = 4.0;
				TARGETED_DEVICE_FAMILY = "1,2";
			};
			name = Debug;
		};
		7363918F212097F900E2EFAB /* Release */ = {
			isa = XCBuildConfiguration;
			baseConfigurationReference = 2E4685483FB618A7DE1D6025 /* Pods-MostPopularMovies.release.xcconfig */;
			buildSettings = {
				ASSETCATALOG_COMPILER_APPICON_NAME = AppIcon;
				CODE_SIGN_STYLE = Automatic;
				INFOPLIST_FILE = MostPopularMovies/Info.plist;
				IPHONEOS_DEPLOYMENT_TARGET = 11.0;
				LD_RUNPATH_SEARCH_PATHS = (
					"$(inherited)",
					"@executable_path/Frameworks",
				);
				PRODUCT_BUNDLE_IDENTIFIER = com.arctouch.MostPopularMovies;
				PRODUCT_NAME = "$(TARGET_NAME)";
				SWIFT_VERSION = 4.0;
				TARGETED_DEVICE_FAMILY = "1,2";
			};
			name = Release;
		};
		73639191212097F900E2EFAB /* Debug */ = {
			isa = XCBuildConfiguration;
			baseConfigurationReference = 79DEFFC20DE646499D3D9704 /* Pods-MostPopularMoviesTests.debug.xcconfig */;
			buildSettings = {
				ALWAYS_EMBED_SWIFT_STANDARD_LIBRARIES = YES;
				BUNDLE_LOADER = "$(TEST_HOST)";
				CODE_SIGN_STYLE = Automatic;
				INFOPLIST_FILE = MostPopularMoviesTests/Info.plist;
				LD_RUNPATH_SEARCH_PATHS = (
					"$(inherited)",
					"@executable_path/Frameworks",
					"@loader_path/Frameworks",
				);
				PRODUCT_BUNDLE_IDENTIFIER = com.arctouch.MostPopularMoviesTests;
				PRODUCT_NAME = "$(TARGET_NAME)";
				SWIFT_VERSION = 4.0;
				TARGETED_DEVICE_FAMILY = "1,2";
				TEST_HOST = "$(BUILT_PRODUCTS_DIR)/MostPopularMovies.app/MostPopularMovies";
			};
			name = Debug;
		};
		73639192212097F900E2EFAB /* Release */ = {
			isa = XCBuildConfiguration;
			baseConfigurationReference = 0D6F0B9F8F01CA06A74666D2 /* Pods-MostPopularMoviesTests.release.xcconfig */;
			buildSettings = {
				ALWAYS_EMBED_SWIFT_STANDARD_LIBRARIES = YES;
				BUNDLE_LOADER = "$(TEST_HOST)";
				CODE_SIGN_STYLE = Automatic;
				INFOPLIST_FILE = MostPopularMoviesTests/Info.plist;
				LD_RUNPATH_SEARCH_PATHS = (
					"$(inherited)",
					"@executable_path/Frameworks",
					"@loader_path/Frameworks",
				);
				PRODUCT_BUNDLE_IDENTIFIER = com.arctouch.MostPopularMoviesTests;
				PRODUCT_NAME = "$(TARGET_NAME)";
				SWIFT_VERSION = 4.0;
				TARGETED_DEVICE_FAMILY = "1,2";
				TEST_HOST = "$(BUILT_PRODUCTS_DIR)/MostPopularMovies.app/MostPopularMovies";
			};
			name = Release;
		};
		73639194212097F900E2EFAB /* Debug */ = {
			isa = XCBuildConfiguration;
			baseConfigurationReference = F4360676E88F3C74BD581B63 /* Pods-MostPopularMoviesUITests.debug.xcconfig */;
			buildSettings = {
				ALWAYS_EMBED_SWIFT_STANDARD_LIBRARIES = YES;
				CODE_SIGN_STYLE = Automatic;
				INFOPLIST_FILE = MostPopularMoviesUITests/Info.plist;
				LD_RUNPATH_SEARCH_PATHS = (
					"$(inherited)",
					"@executable_path/Frameworks",
					"@loader_path/Frameworks",
				);
				PRODUCT_BUNDLE_IDENTIFIER = com.arctouch.MostPopularMoviesUITests;
				PRODUCT_NAME = "$(TARGET_NAME)";
				SWIFT_VERSION = 4.0;
				TARGETED_DEVICE_FAMILY = "1,2";
				TEST_TARGET_NAME = MostPopularMovies;
			};
			name = Debug;
		};
		73639195212097F900E2EFAB /* Release */ = {
			isa = XCBuildConfiguration;
			baseConfigurationReference = 7EEE8ED96228515FAAC3181C /* Pods-MostPopularMoviesUITests.release.xcconfig */;
			buildSettings = {
				ALWAYS_EMBED_SWIFT_STANDARD_LIBRARIES = YES;
				CODE_SIGN_STYLE = Automatic;
				INFOPLIST_FILE = MostPopularMoviesUITests/Info.plist;
				LD_RUNPATH_SEARCH_PATHS = (
					"$(inherited)",
					"@executable_path/Frameworks",
					"@loader_path/Frameworks",
				);
				PRODUCT_BUNDLE_IDENTIFIER = com.arctouch.MostPopularMoviesUITests;
				PRODUCT_NAME = "$(TARGET_NAME)";
				SWIFT_VERSION = 4.0;
				TARGETED_DEVICE_FAMILY = "1,2";
				TEST_TARGET_NAME = MostPopularMovies;
			};
			name = Release;
		};
/* End XCBuildConfiguration section */

/* Begin XCConfigurationList section */
		73639160212097F800E2EFAB /* Build configuration list for PBXProject "MostPopularMovies" */ = {
			isa = XCConfigurationList;
			buildConfigurations = (
				7363918B212097F900E2EFAB /* Debug */,
				7363918C212097F900E2EFAB /* Release */,
			);
			defaultConfigurationIsVisible = 0;
			defaultConfigurationName = Release;
		};
		7363918D212097F900E2EFAB /* Build configuration list for PBXNativeTarget "MostPopularMovies" */ = {
			isa = XCConfigurationList;
			buildConfigurations = (
				7363918E212097F900E2EFAB /* Debug */,
				7363918F212097F900E2EFAB /* Release */,
			);
			defaultConfigurationIsVisible = 0;
			defaultConfigurationName = Release;
		};
		73639190212097F900E2EFAB /* Build configuration list for PBXNativeTarget "MostPopularMoviesTests" */ = {
			isa = XCConfigurationList;
			buildConfigurations = (
				73639191212097F900E2EFAB /* Debug */,
				73639192212097F900E2EFAB /* Release */,
			);
			defaultConfigurationIsVisible = 0;
			defaultConfigurationName = Release;
		};
		73639193212097F900E2EFAB /* Build configuration list for PBXNativeTarget "MostPopularMoviesUITests" */ = {
			isa = XCConfigurationList;
			buildConfigurations = (
				73639194212097F900E2EFAB /* Debug */,
				73639195212097F900E2EFAB /* Release */,
			);
			defaultConfigurationIsVisible = 0;
			defaultConfigurationName = Release;
		};
/* End XCConfigurationList section */
	};
	rootObject = 7363915D212097F800E2EFAB /* Project object */;
}
